// !$*UTF8*$!
{
	archiveVersion = 1;
	classes = {
	};
	objectVersion = 50;
	objects = {

/* Begin PBXBuildFile section */
		2E8276F327E5BAB100093B64 /* ArchiedEventVC.swift in Sources */ = {isa = PBXBuildFile; fileRef = 2E8276F227E5BAB100093B64 /* ArchiedEventVC.swift */; };
		2EE8B0A327DFA0C500ECFF7A /* EventListVC.swift in Sources */ = {isa = PBXBuildFile; fileRef = 2EE8B0A227DFA0C500ECFF7A /* EventListVC.swift */; };
		2EE8B0A527DFA13B00ECFF7A /* EventAddEditVC.swift in Sources */ = {isa = PBXBuildFile; fileRef = 2EE8B0A427DFA13B00ECFF7A /* EventAddEditVC.swift */; };
		2EE8B0A727DFA16600ECFF7A /* EventDetailsVC.swift in Sources */ = {isa = PBXBuildFile; fileRef = 2EE8B0A627DFA16600ECFF7A /* EventDetailsVC.swift */; };
		2EFB611227DF35CD004F5D1F /* AppDelegate.swift in Sources */ = {isa = PBXBuildFile; fileRef = 2EFB611127DF35CD004F5D1F /* AppDelegate.swift */; };
		2EFB611427DF35CE004F5D1F /* SceneDelegate.swift in Sources */ = {isa = PBXBuildFile; fileRef = 2EFB611327DF35CE004F5D1F /* SceneDelegate.swift */; };
		2EFB611627DF35CE004F5D1F /* ViewController.swift in Sources */ = {isa = PBXBuildFile; fileRef = 2EFB611527DF35CE004F5D1F /* ViewController.swift */; };
		2EFB611927DF35CE004F5D1F /* Main.storyboard in Resources */ = {isa = PBXBuildFile; fileRef = 2EFB611727DF35CE004F5D1F /* Main.storyboard */; };
		2EFB611C27DF35CE004F5D1F /* EventCount.xcdatamodeld in Sources */ = {isa = PBXBuildFile; fileRef = 2EFB611A27DF35CE004F5D1F /* EventCount.xcdatamodeld */; };
		2EFB611E27DF35D3004F5D1F /* Assets.xcassets in Resources */ = {isa = PBXBuildFile; fileRef = 2EFB611D27DF35D3004F5D1F /* Assets.xcassets */; };
		2EFB612127DF35D3004F5D1F /* LaunchScreen.storyboard in Resources */ = {isa = PBXBuildFile; fileRef = 2EFB611F27DF35D3004F5D1F /* LaunchScreen.storyboard */; };
		2EFB612C27DF35D4004F5D1F /* EventCountTests.swift in Sources */ = {isa = PBXBuildFile; fileRef = 2EFB612B27DF35D4004F5D1F /* EventCountTests.swift */; };
		2EFB613727DF35D4004F5D1F /* EventCountUITests.swift in Sources */ = {isa = PBXBuildFile; fileRef = 2EFB613627DF35D4004F5D1F /* EventCountUITests.swift */; };
/* End PBXBuildFile section */

/* Begin PBXContainerItemProxy section */
		2EFB612827DF35D4004F5D1F /* PBXContainerItemProxy */ = {
			isa = PBXContainerItemProxy;
			containerPortal = 2EFB610627DF35CD004F5D1F /* Project object */;
			proxyType = 1;
			remoteGlobalIDString = 2EFB610D27DF35CD004F5D1F;
			remoteInfo = EventCount;
		};
		2EFB613327DF35D4004F5D1F /* PBXContainerItemProxy */ = {
			isa = PBXContainerItemProxy;
			containerPortal = 2EFB610627DF35CD004F5D1F /* Project object */;
			proxyType = 1;
			remoteGlobalIDString = 2EFB610D27DF35CD004F5D1F;
			remoteInfo = EventCount;
		};
/* End PBXContainerItemProxy section */

/* Begin PBXFileReference section */
		2E8276F227E5BAB100093B64 /* ArchiedEventVC.swift */ = {isa = PBXFileReference; lastKnownFileType = sourcecode.swift; path = ArchiedEventVC.swift; sourceTree = "<group>"; };
		2EE8B0A227DFA0C500ECFF7A /* EventListVC.swift */ = {isa = PBXFileReference; lastKnownFileType = sourcecode.swift; path = EventListVC.swift; sourceTree = "<group>"; };
		2EE8B0A427DFA13B00ECFF7A /* EventAddEditVC.swift */ = {isa = PBXFileReference; lastKnownFileType = sourcecode.swift; path = EventAddEditVC.swift; sourceTree = "<group>"; };
		2EE8B0A627DFA16600ECFF7A /* EventDetailsVC.swift */ = {isa = PBXFileReference; lastKnownFileType = sourcecode.swift; path = EventDetailsVC.swift; sourceTree = "<group>"; };
		2EFB610E27DF35CD004F5D1F /* EventCount.app */ = {isa = PBXFileReference; explicitFileType = wrapper.application; includeInIndex = 0; path = EventCount.app; sourceTree = BUILT_PRODUCTS_DIR; };
		2EFB611127DF35CD004F5D1F /* AppDelegate.swift */ = {isa = PBXFileReference; lastKnownFileType = sourcecode.swift; path = AppDelegate.swift; sourceTree = "<group>"; };
		2EFB611327DF35CE004F5D1F /* SceneDelegate.swift */ = {isa = PBXFileReference; lastKnownFileType = sourcecode.swift; path = SceneDelegate.swift; sourceTree = "<group>"; };
		2EFB611527DF35CE004F5D1F /* ViewController.swift */ = {isa = PBXFileReference; lastKnownFileType = sourcecode.swift; path = ViewController.swift; sourceTree = "<group>"; };
		2EFB611827DF35CE004F5D1F /* Base */ = {isa = PBXFileReference; lastKnownFileType = file.storyboard; name = Base; path = Base.lproj/Main.storyboard; sourceTree = "<group>"; };
		2EFB611B27DF35CE004F5D1F /* EventCount.xcdatamodel */ = {isa = PBXFileReference; lastKnownFileType = wrapper.xcdatamodel; path = EventCount.xcdatamodel; sourceTree = "<group>"; };
		2EFB611D27DF35D3004F5D1F /* Assets.xcassets */ = {isa = PBXFileReference; lastKnownFileType = folder.assetcatalog; path = Assets.xcassets; sourceTree = "<group>"; };
		2EFB612027DF35D3004F5D1F /* Base */ = {isa = PBXFileReference; lastKnownFileType = file.storyboard; name = Base; path = Base.lproj/LaunchScreen.storyboard; sourceTree = "<group>"; };
		2EFB612227DF35D3004F5D1F /* Info.plist */ = {isa = PBXFileReference; lastKnownFileType = text.plist.xml; path = Info.plist; sourceTree = "<group>"; };
		2EFB612727DF35D4004F5D1F /* EventCountTests.xctest */ = {isa = PBXFileReference; explicitFileType = wrapper.cfbundle; includeInIndex = 0; path = EventCountTests.xctest; sourceTree = BUILT_PRODUCTS_DIR; };
		2EFB612B27DF35D4004F5D1F /* EventCountTests.swift */ = {isa = PBXFileReference; lastKnownFileType = sourcecode.swift; path = EventCountTests.swift; sourceTree = "<group>"; };
		2EFB612D27DF35D4004F5D1F /* Info.plist */ = {isa = PBXFileReference; lastKnownFileType = text.plist.xml; path = Info.plist; sourceTree = "<group>"; };
		2EFB613227DF35D4004F5D1F /* EventCountUITests.xctest */ = {isa = PBXFileReference; explicitFileType = wrapper.cfbundle; includeInIndex = 0; path = EventCountUITests.xctest; sourceTree = BUILT_PRODUCTS_DIR; };
		2EFB613627DF35D4004F5D1F /* EventCountUITests.swift */ = {isa = PBXFileReference; lastKnownFileType = sourcecode.swift; path = EventCountUITests.swift; sourceTree = "<group>"; };
		2EFB613827DF35D4004F5D1F /* Info.plist */ = {isa = PBXFileReference; lastKnownFileType = text.plist.xml; path = Info.plist; sourceTree = "<group>"; };
/* End PBXFileReference section */

/* Begin PBXFrameworksBuildPhase section */
		2EFB610B27DF35CD004F5D1F /* Frameworks */ = {
			isa = PBXFrameworksBuildPhase;
			buildActionMask = 2147483647;
			files = (
			);
			runOnlyForDeploymentPostprocessing = 0;
		};
		2EFB612427DF35D4004F5D1F /* Frameworks */ = {
			isa = PBXFrameworksBuildPhase;
			buildActionMask = 2147483647;
			files = (
			);
			runOnlyForDeploymentPostprocessing = 0;
		};
		2EFB612F27DF35D4004F5D1F /* Frameworks */ = {
			isa = PBXFrameworksBuildPhase;
			buildActionMask = 2147483647;
			files = (
			);
			runOnlyForDeploymentPostprocessing = 0;
		};
/* End PBXFrameworksBuildPhase section */

/* Begin PBXGroup section */
		2EFB610527DF35CD004F5D1F = {
			isa = PBXGroup;
			children = (
				2EFB611027DF35CD004F5D1F /* EventCount */,
				2EFB612A27DF35D4004F5D1F /* EventCountTests */,
				2EFB613527DF35D4004F5D1F /* EventCountUITests */,
				2EFB610F27DF35CD004F5D1F /* Products */,
			);
			sourceTree = "<group>";
		};
		2EFB610F27DF35CD004F5D1F /* Products */ = {
			isa = PBXGroup;
			children = (
				2EFB610E27DF35CD004F5D1F /* EventCount.app */,
				2EFB612727DF35D4004F5D1F /* EventCountTests.xctest */,
				2EFB613227DF35D4004F5D1F /* EventCountUITests.xctest */,
			);
			name = Products;
			sourceTree = "<group>";
		};
		2EFB611027DF35CD004F5D1F /* EventCount */ = {
			isa = PBXGroup;
			children = (
				2EFB611127DF35CD004F5D1F /* AppDelegate.swift */,
				2EFB611327DF35CE004F5D1F /* SceneDelegate.swift */,
				2EFB611527DF35CE004F5D1F /* ViewController.swift */,
				2EFB611727DF35CE004F5D1F /* Main.storyboard */,
				2EFB611D27DF35D3004F5D1F /* Assets.xcassets */,
				2EFB611F27DF35D3004F5D1F /* LaunchScreen.storyboard */,
				2EFB612227DF35D3004F5D1F /* Info.plist */,
				2EFB611A27DF35CE004F5D1F /* EventCount.xcdatamodeld */,
				2EE8B0A227DFA0C500ECFF7A /* EventListVC.swift */,
				2EE8B0A427DFA13B00ECFF7A /* EventAddEditVC.swift */,
				2EE8B0A627DFA16600ECFF7A /* EventDetailsVC.swift */,
				2E8276F227E5BAB100093B64 /* ArchiedEventVC.swift */,
			);
			path = EventCount;
			sourceTree = "<group>";
		};
		2EFB612A27DF35D4004F5D1F /* EventCountTests */ = {
			isa = PBXGroup;
			children = (
				2EFB612B27DF35D4004F5D1F /* EventCountTests.swift */,
				2EFB612D27DF35D4004F5D1F /* Info.plist */,
			);
			path = EventCountTests;
			sourceTree = "<group>";
		};
		2EFB613527DF35D4004F5D1F /* EventCountUITests */ = {
			isa = PBXGroup;
			children = (
				2EFB613627DF35D4004F5D1F /* EventCountUITests.swift */,
				2EFB613827DF35D4004F5D1F /* Info.plist */,
			);
			path = EventCountUITests;
			sourceTree = "<group>";
		};
/* End PBXGroup section */

/* Begin PBXNativeTarget section */
		2EFB610D27DF35CD004F5D1F /* EventCount */ = {
			isa = PBXNativeTarget;
			buildConfigurationList = 2EFB613B27DF35D4004F5D1F /* Build configuration list for PBXNativeTarget "EventCount" */;
			buildPhases = (
				2EFB610A27DF35CD004F5D1F /* Sources */,
				2EFB610B27DF35CD004F5D1F /* Frameworks */,
				2EFB610C27DF35CD004F5D1F /* Resources */,
			);
			buildRules = (
			);
			dependencies = (
			);
			name = EventCount;
			productName = EventCount;
			productReference = 2EFB610E27DF35CD004F5D1F /* EventCount.app */;
			productType = "com.apple.product-type.application";
		};
		2EFB612627DF35D4004F5D1F /* EventCountTests */ = {
			isa = PBXNativeTarget;
			buildConfigurationList = 2EFB613E27DF35D4004F5D1F /* Build configuration list for PBXNativeTarget "EventCountTests" */;
			buildPhases = (
				2EFB612327DF35D4004F5D1F /* Sources */,
				2EFB612427DF35D4004F5D1F /* Frameworks */,
				2EFB612527DF35D4004F5D1F /* Resources */,
			);
			buildRules = (
			);
			dependencies = (
				2EFB612927DF35D4004F5D1F /* PBXTargetDependency */,
			);
			name = EventCountTests;
			productName = EventCountTests;
			productReference = 2EFB612727DF35D4004F5D1F /* EventCountTests.xctest */;
			productType = "com.apple.product-type.bundle.unit-test";
		};
		2EFB613127DF35D4004F5D1F /* EventCountUITests */ = {
			isa = PBXNativeTarget;
			buildConfigurationList = 2EFB614127DF35D4004F5D1F /* Build configuration list for PBXNativeTarget "EventCountUITests" */;
			buildPhases = (
				2EFB612E27DF35D4004F5D1F /* Sources */,
				2EFB612F27DF35D4004F5D1F /* Frameworks */,
				2EFB613027DF35D4004F5D1F /* Resources */,
			);
			buildRules = (
			);
			dependencies = (
				2EFB613427DF35D4004F5D1F /* PBXTargetDependency */,
			);
			name = EventCountUITests;
			productName = EventCountUITests;
			productReference = 2EFB613227DF35D4004F5D1F /* EventCountUITests.xctest */;
			productType = "com.apple.product-type.bundle.ui-testing";
		};
/* End PBXNativeTarget section */

/* Begin PBXProject section */
		2EFB610627DF35CD004F5D1F /* Project object */ = {
			isa = PBXProject;
			attributes = {
				LastSwiftUpdateCheck = 1250;
				LastUpgradeCheck = 1250;
				TargetAttributes = {
					2EFB610D27DF35CD004F5D1F = {
						CreatedOnToolsVersion = 12.5;
					};
					2EFB612627DF35D4004F5D1F = {
						CreatedOnToolsVersion = 12.5;
						TestTargetID = 2EFB610D27DF35CD004F5D1F;
					};
					2EFB613127DF35D4004F5D1F = {
						CreatedOnToolsVersion = 12.5;
						TestTargetID = 2EFB610D27DF35CD004F5D1F;
					};
				};
			};
			buildConfigurationList = 2EFB610927DF35CD004F5D1F /* Build configuration list for PBXProject "EventCount" */;
			compatibilityVersion = "Xcode 9.3";
			developmentRegion = en;
			hasScannedForEncodings = 0;
			knownRegions = (
				en,
				Base,
			);
			mainGroup = 2EFB610527DF35CD004F5D1F;
			productRefGroup = 2EFB610F27DF35CD004F5D1F /* Products */;
			projectDirPath = "";
			projectRoot = "";
			targets = (
				2EFB610D27DF35CD004F5D1F /* EventCount */,
				2EFB612627DF35D4004F5D1F /* EventCountTests */,
				2EFB613127DF35D4004F5D1F /* EventCountUITests */,
			);
		};
/* End PBXProject section */

/* Begin PBXResourcesBuildPhase section */
		2EFB610C27DF35CD004F5D1F /* Resources */ = {
			isa = PBXResourcesBuildPhase;
			buildActionMask = 2147483647;
			files = (
				2EFB612127DF35D3004F5D1F /* LaunchScreen.storyboard in Resources */,
				2EFB611E27DF35D3004F5D1F /* Assets.xcassets in Resources */,
				2EFB611927DF35CE004F5D1F /* Main.storyboard in Resources */,
			);
			runOnlyForDeploymentPostprocessing = 0;
		};
		2EFB612527DF35D4004F5D1F /* Resources */ = {
			isa = PBXResourcesBuildPhase;
			buildActionMask = 2147483647;
			files = (
			);
			runOnlyForDeploymentPostprocessing = 0;
		};
		2EFB613027DF35D4004F5D1F /* Resources */ = {
			isa = PBXResourcesBuildPhase;
			buildActionMask = 2147483647;
			files = (
			);
			runOnlyForDeploymentPostprocessing = 0;
		};
/* End PBXResourcesBuildPhase section */

/* Begin PBXSourcesBuildPhase section */
		2EFB610A27DF35CD004F5D1F /* Sources */ = {
			isa = PBXSourcesBuildPhase;
			buildActionMask = 2147483647;
			files = (
				2EFB611627DF35CE004F5D1F /* ViewController.swift in Sources */,
				2EFB611227DF35CD004F5D1F /* AppDelegate.swift in Sources */,
				2E8276F327E5BAB100093B64 /* ArchiedEventVC.swift in Sources */,
				2EFB611C27DF35CE004F5D1F /* EventCount.xcdatamodeld in Sources */,
				2EE8B0A527DFA13B00ECFF7A /* EventAddEditVC.swift in Sources */,
				2EFB611427DF35CE004F5D1F /* SceneDelegate.swift in Sources */,
				2EE8B0A727DFA16600ECFF7A /* EventDetailsVC.swift in Sources */,
				2EE8B0A327DFA0C500ECFF7A /* EventListVC.swift in Sources */,
			);
			runOnlyForDeploymentPostprocessing = 0;
		};
		2EFB612327DF35D4004F5D1F /* Sources */ = {
			isa = PBXSourcesBuildPhase;
			buildActionMask = 2147483647;
			files = (
				2EFB612C27DF35D4004F5D1F /* EventCountTests.swift in Sources */,
			);
			runOnlyForDeploymentPostprocessing = 0;
		};
		2EFB612E27DF35D4004F5D1F /* Sources */ = {
			isa = PBXSourcesBuildPhase;
			buildActionMask = 2147483647;
			files = (
				2EFB613727DF35D4004F5D1F /* EventCountUITests.swift in Sources */,
			);
			runOnlyForDeploymentPostprocessing = 0;
		};
/* End PBXSourcesBuildPhase section */

/* Begin PBXTargetDependency section */
		2EFB612927DF35D4004F5D1F /* PBXTargetDependency */ = {
			isa = PBXTargetDependency;
			target = 2EFB610D27DF35CD004F5D1F /* EventCount */;
			targetProxy = 2EFB612827DF35D4004F5D1F /* PBXContainerItemProxy */;
		};
		2EFB613427DF35D4004F5D1F /* PBXTargetDependency */ = {
			isa = PBXTargetDependency;
			target = 2EFB610D27DF35CD004F5D1F /* EventCount */;
			targetProxy = 2EFB613327DF35D4004F5D1F /* PBXContainerItemProxy */;
		};
/* End PBXTargetDependency section */

/* Begin PBXVariantGroup section */
		2EFB611727DF35CE004F5D1F /* Main.storyboard */ = {
			isa = PBXVariantGroup;
			children = (
				2EFB611827DF35CE004F5D1F /* Base */,
			);
			name = Main.storyboard;
			sourceTree = "<group>";
		};
		2EFB611F27DF35D3004F5D1F /* LaunchScreen.storyboard */ = {
			isa = PBXVariantGroup;
			children = (
				2EFB612027DF35D3004F5D1F /* Base */,
			);
			name = LaunchScreen.storyboard;
			sourceTree = "<group>";
		};
/* End PBXVariantGroup section */

/* Begin XCBuildConfiguration section */
		2EFB613927DF35D4004F5D1F /* Debug */ = {
			isa = XCBuildConfiguration;
			buildSettings = {
				ALWAYS_SEARCH_USER_PATHS = NO;
				CLANG_ANALYZER_NONNULL = YES;
				CLANG_ANALYZER_NUMBER_OBJECT_CONVERSION = YES_AGGRESSIVE;
				CLANG_CXX_LANGUAGE_STANDARD = "gnu++14";
				CLANG_CXX_LIBRARY = "libc++";
				CLANG_ENABLE_MODULES = YES;
				CLANG_ENABLE_OBJC_ARC = YES;
				CLANG_ENABLE_OBJC_WEAK = YES;
				CLANG_WARN_BLOCK_CAPTURE_AUTORELEASING = YES;
				CLANG_WARN_BOOL_CONVERSION = YES;
				CLANG_WARN_COMMA = YES;
				CLANG_WARN_CONSTANT_CONVERSION = YES;
				CLANG_WARN_DEPRECATED_OBJC_IMPLEMENTATIONS = YES;
				CLANG_WARN_DIRECT_OBJC_ISA_USAGE = YES_ERROR;
				CLANG_WARN_DOCUMENTATION_COMMENTS = YES;
				CLANG_WARN_EMPTY_BODY = YES;
				CLANG_WARN_ENUM_CONVERSION = YES;
				CLANG_WARN_INFINITE_RECURSION = YES;
				CLANG_WARN_INT_CONVERSION = YES;
				CLANG_WARN_NON_LITERAL_NULL_CONVERSION = YES;
				CLANG_WARN_OBJC_IMPLICIT_RETAIN_SELF = YES;
				CLANG_WARN_OBJC_LITERAL_CONVERSION = YES;
				CLANG_WARN_OBJC_ROOT_CLASS = YES_ERROR;
				CLANG_WARN_QUOTED_INCLUDE_IN_FRAMEWORK_HEADER = YES;
				CLANG_WARN_RANGE_LOOP_ANALYSIS = YES;
				CLANG_WARN_STRICT_PROTOTYPES = YES;
				CLANG_WARN_SUSPICIOUS_MOVE = YES;
				CLANG_WARN_UNGUARDED_AVAILABILITY = YES_AGGRESSIVE;
				CLANG_WARN_UNREACHABLE_CODE = YES;
				CLANG_WARN__DUPLICATE_METHOD_MATCH = YES;
				COPY_PHASE_STRIP = NO;
				DEBUG_INFORMATION_FORMAT = dwarf;
				ENABLE_STRICT_OBJC_MSGSEND = YES;
				ENABLE_TESTABILITY = YES;
				GCC_C_LANGUAGE_STANDARD = gnu11;
				GCC_DYNAMIC_NO_PIC = NO;
				GCC_NO_COMMON_BLOCKS = YES;
				GCC_OPTIMIZATION_LEVEL = 0;
				GCC_PREPROCESSOR_DEFINITIONS = (
					"DEBUG=1",
					"$(inherited)",
				);
				GCC_WARN_64_TO_32_BIT_CONVERSION = YES;
				GCC_WARN_ABOUT_RETURN_TYPE = YES_ERROR;
				GCC_WARN_UNDECLARED_SELECTOR = YES;
				GCC_WARN_UNINITIALIZED_AUTOS = YES_AGGRESSIVE;
				GCC_WARN_UNUSED_FUNCTION = YES;
				GCC_WARN_UNUSED_VARIABLE = YES;
				IPHONEOS_DEPLOYMENT_TARGET = 14.5;
				MTL_ENABLE_DEBUG_INFO = INCLUDE_SOURCE;
				MTL_FAST_MATH = YES;
				ONLY_ACTIVE_ARCH = YES;
				SDKROOT = iphoneos;
				SWIFT_ACTIVE_COMPILATION_CONDITIONS = DEBUG;
				SWIFT_OPTIMIZATION_LEVEL = "-Onone";
			};
			name = Debug;
		};
		2EFB613A27DF35D4004F5D1F /* Release */ = {
			isa = XCBuildConfiguration;
			buildSettings = {
				ALWAYS_SEARCH_USER_PATHS = NO;
				CLANG_ANALYZER_NONNULL = YES;
				CLANG_ANALYZER_NUMBER_OBJECT_CONVERSION = YES_AGGRESSIVE;
				CLANG_CXX_LANGUAGE_STANDARD = "gnu++14";
				CLANG_CXX_LIBRARY = "libc++";
				CLANG_ENABLE_MODULES = YES;
				CLANG_ENABLE_OBJC_ARC = YES;
				CLANG_ENABLE_OBJC_WEAK = YES;
				CLANG_WARN_BLOCK_CAPTURE_AUTORELEASING = YES;
				CLANG_WARN_BOOL_CONVERSION = YES;
				CLANG_WARN_COMMA = YES;
				CLANG_WARN_CONSTANT_CONVERSION = YES;
				CLANG_WARN_DEPRECATED_OBJC_IMPLEMENTATIONS = YES;
				CLANG_WARN_DIRECT_OBJC_ISA_USAGE = YES_ERROR;
				CLANG_WARN_DOCUMENTATION_COMMENTS = YES;
				CLANG_WARN_EMPTY_BODY = YES;
				CLANG_WARN_ENUM_CONVERSION = YES;
				CLANG_WARN_INFINITE_RECURSION = YES;
				CLANG_WARN_INT_CONVERSION = YES;
				CLANG_WARN_NON_LITERAL_NULL_CONVERSION = YES;
				CLANG_WARN_OBJC_IMPLICIT_RETAIN_SELF = YES;
				CLANG_WARN_OBJC_LITERAL_CONVERSION = YES;
				CLANG_WARN_OBJC_ROOT_CLASS = YES_ERROR;
				CLANG_WARN_QUOTED_INCLUDE_IN_FRAMEWORK_HEADER = YES;
				CLANG_WARN_RANGE_LOOP_ANALYSIS = YES;
				CLANG_WARN_STRICT_PROTOTYPES = YES;
				CLANG_WARN_SUSPICIOUS_MOVE = YES;
				CLANG_WARN_UNGUARDED_AVAILABILITY = YES_AGGRESSIVE;
				CLANG_WARN_UNREACHABLE_CODE = YES;
				CLANG_WARN__DUPLICATE_METHOD_MATCH = YES;
				COPY_PHASE_STRIP = NO;
				DEBUG_INFORMATION_FORMAT = "dwarf-with-dsym";
				ENABLE_NS_ASSERTIONS = NO;
				ENABLE_STRICT_OBJC_MSGSEND = YES;
				GCC_C_LANGUAGE_STANDARD = gnu11;
				GCC_NO_COMMON_BLOCKS = YES;
				GCC_WARN_64_TO_32_BIT_CONVERSION = YES;
				GCC_WARN_ABOUT_RETURN_TYPE = YES_ERROR;
				GCC_WARN_UNDECLARED_SELECTOR = YES;
				GCC_WARN_UNINITIALIZED_AUTOS = YES_AGGRESSIVE;
				GCC_WARN_UNUSED_FUNCTION = YES;
				GCC_WARN_UNUSED_VARIABLE = YES;
				IPHONEOS_DEPLOYMENT_TARGET = 14.5;
				MTL_ENABLE_DEBUG_INFO = NO;
				MTL_FAST_MATH = YES;
				SDKROOT = iphoneos;
				SWIFT_COMPILATION_MODE = wholemodule;
				SWIFT_OPTIMIZATION_LEVEL = "-O";
				VALIDATE_PRODUCT = YES;
			};
			name = Release;
		};
		2EFB613C27DF35D4004F5D1F /* Debug */ = {
			isa = XCBuildConfiguration;
			buildSettings = {
				ASSETCATALOG_COMPILER_APPICON_NAME = AppIcon;
				ASSETCATALOG_COMPILER_GLOBAL_ACCENT_COLOR_NAME = AccentColor;
				CODE_SIGN_STYLE = Automatic;
				DEVELOPMENT_TEAM = JFYN956J89;
				INFOPLIST_FILE = EventCount/Info.plist;
				LD_RUNPATH_SEARCH_PATHS = (
					"$(inherited)",
					"@executable_path/Frameworks",
				);
				PRODUCT_BUNDLE_IDENTIFIER = alphonsa.EventCount;
				PRODUCT_NAME = "$(TARGET_NAME)";
				SWIFT_VERSION = 5.0;
				TARGETED_DEVICE_FAMILY = "1,2";
			};
			name = Debug;
		};
		2EFB613D27DF35D4004F5D1F /* Release */ = {
			isa = XCBuildConfiguration;
			buildSettings = {
				ASSETCATALOG_COMPILER_APPICON_NAME = AppIcon;
				ASSETCATALOG_COMPILER_GLOBAL_ACCENT_COLOR_NAME = AccentColor;
				CODE_SIGN_STYLE = Automatic;
				DEVELOPMENT_TEAM = JFYN956J89;
				INFOPLIST_FILE = EventCount/Info.plist;
				LD_RUNPATH_SEARCH_PATHS = (
					"$(inherited)",
					"@executable_path/Frameworks",
				);
				PRODUCT_BUNDLE_IDENTIFIER = alphonsa.EventCount;
				PRODUCT_NAME = "$(TARGET_NAME)";
				SWIFT_VERSION = 5.0;
				TARGETED_DEVICE_FAMILY = "1,2";
			};
			name = Release;
		};
		2EFB613F27DF35D4004F5D1F /* Debug */ = {
			isa = XCBuildConfiguration;
			buildSettings = {
				ALWAYS_EMBED_SWIFT_STANDARD_LIBRARIES = YES;
				BUNDLE_LOADER = "$(TEST_HOST)";
				CODE_SIGN_STYLE = Automatic;
				DEVELOPMENT_TEAM = JFYN956J89;
				INFOPLIST_FILE = EventCountTests/Info.plist;
				IPHONEOS_DEPLOYMENT_TARGET = 14.5;
				LD_RUNPATH_SEARCH_PATHS = (
					"$(inherited)",
					"@executable_path/Frameworks",
					"@loader_path/Frameworks",
				);
				PRODUCT_BUNDLE_IDENTIFIER = alphonsa.EventCountTests;
				PRODUCT_NAME = "$(TARGET_NAME)";
				SWIFT_VERSION = 5.0;
				TARGETED_DEVICE_FAMILY = "1,2";
				TEST_HOST = "$(BUILT_PRODUCTS_DIR)/EventCount.app/EventCount";
			};
			name = Debug;
		};
		2EFB614027DF35D4004F5D1F /* Release */ = {
			isa = XCBuildConfiguration;
			buildSettings = {
				ALWAYS_EMBED_SWIFT_STANDARD_LIBRARIES = YES;
				BUNDLE_LOADER = "$(TEST_HOST)";
				CODE_SIGN_STYLE = Automatic;
				DEVELOPMENT_TEAM = JFYN956J89;
				INFOPLIST_FILE = EventCountTests/Info.plist;
				IPHONEOS_DEPLOYMENT_TARGET = 14.5;
				LD_RUNPATH_SEARCH_PATHS = (
					"$(inherited)",
					"@executable_path/Frameworks",
					"@loader_path/Frameworks",
				);
				PRODUCT_BUNDLE_IDENTIFIER = alphonsa.EventCountTests;
				PRODUCT_NAME = "$(TARGET_NAME)";
				SWIFT_VERSION = 5.0;
				TARGETED_DEVICE_FAMILY = "1,2";
				TEST_HOST = "$(BUILT_PRODUCTS_DIR)/EventCount.app/EventCount";
			};
			name = Release;
		};
		2EFB614227DF35D4004F5D1F /* Debug */ = {
			isa = XCBuildConfiguration;
			buildSettings = {
				ALWAYS_EMBED_SWIFT_STANDARD_LIBRARIES = YES;
				CODE_SIGN_STYLE = Automatic;
				DEVELOPMENT_TEAM = JFYN956J89;
				INFOPLIST_FILE = EventCountUITests/Info.plist;
				LD_RUNPATH_SEARCH_PATHS = (
					"$(inherited)",
					"@executable_path/Frameworks",
					"@loader_path/Frameworks",
				);
				PRODUCT_BUNDLE_IDENTIFIER = alphonsa.EventCountUITests;
				PRODUCT_NAME = "$(TARGET_NAME)";
				SWIFT_VERSION = 5.0;
				TARGETED_DEVICE_FAMILY = "1,2";
				TEST_TARGET_NAME = EventCount;
			};
			name = Debug;
		};
		2EFB614327DF35D4004F5D1F /* Release */ = {
			isa = XCBuildConfiguration;
			buildSettings = {
				ALWAYS_EMBED_SWIFT_STANDARD_LIBRARIES = YES;
				CODE_SIGN_STYLE = Automatic;
				DEVELOPMENT_TEAM = JFYN956J89;
				INFOPLIST_FILE = EventCountUITests/Info.plist;
				LD_RUNPATH_SEARCH_PATHS = (
					"$(inherited)",
					"@executable_path/Frameworks",
					"@loader_path/Frameworks",
				);
				PRODUCT_BUNDLE_IDENTIFIER = alphonsa.EventCountUITests;
				PRODUCT_NAME = "$(TARGET_NAME)";
				SWIFT_VERSION = 5.0;
				TARGETED_DEVICE_FAMILY = "1,2";
				TEST_TARGET_NAME = EventCount;
			};
			name = Release;
		};
/* End XCBuildConfiguration section */

/* Begin XCConfigurationList section */
		2EFB610927DF35CD004F5D1F /* Build configuration list for PBXProject "EventCount" */ = {
			isa = XCConfigurationList;
			buildConfigurations = (
				2EFB613927DF35D4004F5D1F /* Debug */,
				2EFB613A27DF35D4004F5D1F /* Release */,
			);
			defaultConfigurationIsVisible = 0;
			defaultConfigurationName = Release;
		};
		2EFB613B27DF35D4004F5D1F /* Build configuration list for PBXNativeTarget "EventCount" */ = {
			isa = XCConfigurationList;
			buildConfigurations = (
				2EFB613C27DF35D4004F5D1F /* Debug */,
				2EFB613D27DF35D4004F5D1F /* Release */,
			);
			defaultConfigurationIsVisible = 0;
			defaultConfigurationName = Release;
		};
		2EFB613E27DF35D4004F5D1F /* Build configuration list for PBXNativeTarget "EventCountTests" */ = {
			isa = XCConfigurationList;
			buildConfigurations = (
				2EFB613F27DF35D4004F5D1F /* Debug */,
				2EFB614027DF35D4004F5D1F /* Release */,
			);
			defaultConfigurationIsVisible = 0;
			defaultConfigurationName = Release;
		};
		2EFB614127DF35D4004F5D1F /* Build configuration list for PBXNativeTarget "EventCountUITests" */ = {
			isa = XCConfigurationList;
			buildConfigurations = (
				2EFB614227DF35D4004F5D1F /* Debug */,
				2EFB614327DF35D4004F5D1F /* Release */,
			);
			defaultConfigurationIsVisible = 0;
			defaultConfigurationName = Release;
		};
/* End XCConfigurationList section */

/* Begin XCVersionGroup section */
		2EFB611A27DF35CE004F5D1F /* EventCount.xcdatamodeld */ = {
			isa = XCVersionGroup;
			children = (
				2EFB611B27DF35CE004F5D1F /* EventCount.xcdatamodel */,
			);
			currentVersion = 2EFB611B27DF35CE004F5D1F /* EventCount.xcdatamodel */;
			path = EventCount.xcdatamodeld;
			sourceTree = "<group>";
			versionGroupType = wrapper.xcdatamodel;
		};
/* End XCVersionGroup section */
	};
	rootObject = 2EFB610627DF35CD004F5D1F /* Project object */;
}
